
Microsoft Visual Studio Solution File, Format Version 12.00
# Visual Studio Version 17
VisualStudioVersion = 17.11.35312.102
MinimumVisualStudioVersion = 10.0.40219.1
Project("{FAE04EC0-301F-11D3-BF4B-00C04F79EFBC}") = "FundamentosApisASPNET", "FundamentosApisASPNET.csproj", "{C207472A-3D39-48D4-B53B-7BE2EA46A8A5}"
EndProject
Global
	GlobalSection(SolutionConfigurationPlatforms) = preSolution
		Debug|Any CPU = Debug|Any CPU
		Release|Any CPU = Release|Any CPU
	EndGlobalSection
	GlobalSection(ProjectConfigurationPlatforms) = postSolution
		{C207472A-3D39-48D4-B53B-7BE2EA46A8A5}.Debug|Any CPU.ActiveCfg = Debug|Any CPU
		{C207472A-3D39-48D4-B53B-7BE2EA46A8A5}.Debug|Any CPU.Build.0 = Debug|Any CPU
		{C207472A-3D39-48D4-B53B-7BE2EA46A8A5}.Release|Any CPU.ActiveCfg = Release|Any CPU
		{C207472A-3D39-48D4-B53B-7BE2EA46A8A5}.Release|Any CPU.Build.0 = Release|Any CPU
	EndGlobalSection
	GlobalSection(SolutionProperties) = preSolution
		HideSolutionNode = FALSE
	EndGlobalSection
	GlobalSection(ExtensibilityGlobals) = postSolution
		SolutionGuid = {6D3BAFF0-8BAF-4C2A-9D98-8922BCBEAD7F}
	EndGlobalSection
EndGlobal
